// !$*UTF8*$!
{
	archiveVersion = 1;
	classes = {
	};
	objectVersion = 50;
	objects = {

/* Begin PBXBuildFile section */
		09A2F98C2223B3B90001147A /* Charts.framework in Frameworks */ = {isa = PBXBuildFile; fileRef = 09A2F9892223B3A80001147A /* Charts.framework */; };
		09A2F98D2223B3B90001147A /* Charts.framework in Embed Frameworks */ = {isa = PBXBuildFile; fileRef = 09A2F9892223B3A80001147A /* Charts.framework */; settings = {ATTRIBUTES = (CodeSignOnCopy, RemoveHeadersOnCopy, ); }; };
		09A2F9912223B3F70001147A /* GoogleService-Info.plist in Resources */ = {isa = PBXBuildFile; fileRef = 09A2F9902223B3F70001147A /* GoogleService-Info.plist */; };
		09A2F9932223B8E70001147A /* GoutTabbarViewController.swift in Sources */ = {isa = PBXBuildFile; fileRef = 09A2F9922223B8E60001147A /* GoutTabbarViewController.swift */; };
		09AFF5A82223AF2E00D8707E /* AppDelegate.swift in Sources */ = {isa = PBXBuildFile; fileRef = 09AFF5A72223AF2E00D8707E /* AppDelegate.swift */; };
		09AFF5AA2223AF2E00D8707E /* ViewController.swift in Sources */ = {isa = PBXBuildFile; fileRef = 09AFF5A92223AF2E00D8707E /* ViewController.swift */; };
		09AFF5AD2223AF2E00D8707E /* Main.storyboard in Resources */ = {isa = PBXBuildFile; fileRef = 09AFF5AB2223AF2E00D8707E /* Main.storyboard */; };
		09AFF5B02223AF2E00D8707E /* KGout.xcdatamodeld in Sources */ = {isa = PBXBuildFile; fileRef = 09AFF5AE2223AF2E00D8707E /* KGout.xcdatamodeld */; };
		09AFF5B22223AF3100D8707E /* Assets.xcassets in Resources */ = {isa = PBXBuildFile; fileRef = 09AFF5B12223AF3100D8707E /* Assets.xcassets */; };
		09AFF5B52223AF3100D8707E /* LaunchScreen.storyboard in Resources */ = {isa = PBXBuildFile; fileRef = 09AFF5B32223AF3100D8707E /* LaunchScreen.storyboard */; };
		09B35C3922965EF4003FA1A6 /* BaseChartViewController.swift in Sources */ = {isa = PBXBuildFile; fileRef = 09B35C3322965EF4003FA1A6 /* BaseChartViewController.swift */; };
		09B35C3A22965EF4003FA1A6 /* GoutValueListViewController.swift in Sources */ = {isa = PBXBuildFile; fileRef = 09B35C3422965EF4003FA1A6 /* GoutValueListViewController.swift */; };
		09B35C3B22965EF4003FA1A6 /* GoutChartViewController.swift in Sources */ = {isa = PBXBuildFile; fileRef = 09B35C3522965EF4003FA1A6 /* GoutChartViewController.swift */; };
		09B35C3C22965EF4003FA1A6 /* UricacidCollectionViewCell.swift in Sources */ = {isa = PBXBuildFile; fileRef = 09B35C3622965EF4003FA1A6 /* UricacidCollectionViewCell.swift */; };
		09B35C3D22965EF4003FA1A6 /* AddValueViewController.swift in Sources */ = {isa = PBXBuildFile; fileRef = 09B35C3722965EF4003FA1A6 /* AddValueViewController.swift */; };
		09B35C3E22965EF4003FA1A6 /* GoutDataViewCell.swift in Sources */ = {isa = PBXBuildFile; fileRef = 09B35C3822965EF4003FA1A6 /* GoutDataViewCell.swift */; };
		09B35C69229662A6003FA1A6 /* UserInfoViewController.swift in Sources */ = {isa = PBXBuildFile; fileRef = 09B35C68229662A6003FA1A6 /* UserInfoViewController.swift */; };
		09DACA4E2296720800AA8919 /* Structs.swift in Sources */ = {isa = PBXBuildFile; fileRef = 09DACA3E2296720700AA8919 /* Structs.swift */; };
		09DACA4F2296720800AA8919 /* Constants.swift in Sources */ = {isa = PBXBuildFile; fileRef = 09DACA3F2296720700AA8919 /* Constants.swift */; };
		09DACA502296720800AA8919 /* Enemeration.swift in Sources */ = {isa = PBXBuildFile; fileRef = 09DACA402296720700AA8919 /* Enemeration.swift */; };
		09DACA512296720800AA8919 /* BaseNaviBar.swift in Sources */ = {isa = PBXBuildFile; fileRef = 09DACA412296720700AA8919 /* BaseNaviBar.swift */; };
		09DACA522296720800AA8919 /* DefaultButton.swift in Sources */ = {isa = PBXBuildFile; fileRef = 09DACA422296720700AA8919 /* DefaultButton.swift */; };
		09DACA532296720800AA8919 /* BaseLabel.swift in Sources */ = {isa = PBXBuildFile; fileRef = 09DACA432296720700AA8919 /* BaseLabel.swift */; };
		09DACA542296720800AA8919 /* CameraViewController.swift in Sources */ = {isa = PBXBuildFile; fileRef = 09DACA442296720700AA8919 /* CameraViewController.swift */; };
		09DACA552296720800AA8919 /* Utils.swift in Sources */ = {isa = PBXBuildFile; fileRef = 09DACA452296720800AA8919 /* Utils.swift */; };
		09DACA6A229675CB00AA8919 /* AddDrugAlarmViewController.swift in Sources */ = {isa = PBXBuildFile; fileRef = 09DACA65229675CB00AA8919 /* AddDrugAlarmViewController.swift */; };
		09DACA6B229675CB00AA8919 /* DrugInfoViewCell.swift in Sources */ = {isa = PBXBuildFile; fileRef = 09DACA66229675CB00AA8919 /* DrugInfoViewCell.swift */; };
		09DACA6C229675CB00AA8919 /* DrugListViewController.swift in Sources */ = {isa = PBXBuildFile; fileRef = 09DACA67229675CB00AA8919 /* DrugListViewController.swift */; };
		09DACA6D229675CB00AA8919 /* AddDrugInfoViewController.swift in Sources */ = {isa = PBXBuildFile; fileRef = 09DACA68229675CB00AA8919 /* AddDrugInfoViewController.swift */; };
		09DACA6E229675CB00AA8919 /* DrugAlarmViewCell.swift in Sources */ = {isa = PBXBuildFile; fileRef = 09DACA69229675CB00AA8919 /* DrugAlarmViewCell.swift */; };
		09DACA742296765700AA8919 /* DatabaseManager.swift in Sources */ = {isa = PBXBuildFile; fileRef = 09DACA732296765700AA8919 /* DatabaseManager.swift */; };
		09DACA8A22967EB300AA8919 /* BaseButton.swift in Sources */ = {isa = PBXBuildFile; fileRef = 09DACA8822967EB300AA8919 /* BaseButton.swift */; };
		09DACA8C22967ECA00AA8919 /* DefaultCollectionViewCell.swift in Sources */ = {isa = PBXBuildFile; fileRef = 09DACA8B22967ECA00AA8919 /* DefaultCollectionViewCell.swift */; };
		09DACA8E22967ED200AA8919 /* DefaultSwitchView.swift in Sources */ = {isa = PBXBuildFile; fileRef = 09DACA8D22967ED200AA8919 /* DefaultSwitchView.swift */; };
		09DACA9022967EDA00AA8919 /* Extensions.swift in Sources */ = {isa = PBXBuildFile; fileRef = 09DACA8F22967EDA00AA8919 /* Extensions.swift */; };
		09DACA9522967EE600AA8919 /* GoutDefaultViewController.swift in Sources */ = {isa = PBXBuildFile; fileRef = 09DACA9122967EE600AA8919 /* GoutDefaultViewController.swift */; };
		09DACA9622967EE600AA8919 /* LocalPushManager.swift in Sources */ = {isa = PBXBuildFile; fileRef = 09DACA9222967EE600AA8919 /* LocalPushManager.swift */; };
		09DACA9722967EE600AA8919 /* Logger.swift in Sources */ = {isa = PBXBuildFile; fileRef = 09DACA9322967EE600AA8919 /* Logger.swift */; };
		09DACA9822967EE600AA8919 /* GoutFileManager.swift in Sources */ = {isa = PBXBuildFile; fileRef = 09DACA9422967EE600AA8919 /* GoutFileManager.swift */; };
		401FAEEC7F66BEE03E407F0C /* Pods_KGout.framework in Frameworks */ = {isa = PBXBuildFile; fileRef = 95CA2BC9B618EDD607672BB5 /* Pods_KGout.framework */; };
/* End PBXBuildFile section */

/* Begin PBXContainerItemProxy section */
		09A2F9882223B3A80001147A /* PBXContainerItemProxy */ = {
			isa = PBXContainerItemProxy;
			containerPortal = 09A2F9832223B3A70001147A /* Charts.xcodeproj */;
			proxyType = 2;
			remoteGlobalIDString = 65AD9E95D9ED4DC0BD73A743;
			remoteInfo = Charts;
		};
		09A2F98A2223B3A80001147A /* PBXContainerItemProxy */ = {
			isa = PBXContainerItemProxy;
			containerPortal = 09A2F9832223B3A70001147A /* Charts.xcodeproj */;
			proxyType = 2;
			remoteGlobalIDString = 1CBBC58C6CE1EBEE9852CE41;
			remoteInfo = ChartsTests;
		};
		09A2F98E2223B3B90001147A /* PBXContainerItemProxy */ = {
			isa = PBXContainerItemProxy;
			containerPortal = 09A2F9832223B3A70001147A /* Charts.xcodeproj */;
			proxyType = 1;
			remoteGlobalIDString = A58A4ED274A941CA248EA921;
			remoteInfo = Charts;
		};
/* End PBXContainerItemProxy section */

/* Begin PBXCopyFilesBuildPhase section */
		09A2F9432223B22F0001147A /* Embed Frameworks */ = {
			isa = PBXCopyFilesBuildPhase;
			buildActionMask = 2147483647;
			dstPath = "";
			dstSubfolderSpec = 10;
			files = (
				09A2F98D2223B3B90001147A /* Charts.framework in Embed Frameworks */,
			);
			name = "Embed Frameworks";
			runOnlyForDeploymentPostprocessing = 0;
		};
/* End PBXCopyFilesBuildPhase section */

/* Begin PBXFileReference section */
		09A2F9832223B3A70001147A /* Charts.xcodeproj */ = {isa = PBXFileReference; lastKnownFileType = "wrapper.pb-project"; name = Charts.xcodeproj; path = Charts/Charts.xcodeproj; sourceTree = "<group>"; };
		09A2F9902223B3F70001147A /* GoogleService-Info.plist */ = {isa = PBXFileReference; fileEncoding = 4; lastKnownFileType = text.plist.xml; path = "GoogleService-Info.plist"; sourceTree = "<group>"; };
		09A2F9922223B8E60001147A /* GoutTabbarViewController.swift */ = {isa = PBXFileReference; fileEncoding = 4; lastKnownFileType = sourcecode.swift; path = GoutTabbarViewController.swift; sourceTree = "<group>"; };
		09AFF5A42223AF2E00D8707E /* KGout.app */ = {isa = PBXFileReference; explicitFileType = wrapper.application; includeInIndex = 0; path = KGout.app; sourceTree = BUILT_PRODUCTS_DIR; };
		09AFF5A72223AF2E00D8707E /* AppDelegate.swift */ = {isa = PBXFileReference; lastKnownFileType = sourcecode.swift; path = AppDelegate.swift; sourceTree = "<group>"; };
		09AFF5A92223AF2E00D8707E /* ViewController.swift */ = {isa = PBXFileReference; lastKnownFileType = sourcecode.swift; path = ViewController.swift; sourceTree = "<group>"; };
		09AFF5AC2223AF2E00D8707E /* Base */ = {isa = PBXFileReference; lastKnownFileType = file.storyboard; name = Base; path = Base.lproj/Main.storyboard; sourceTree = "<group>"; };
		09AFF5AF2223AF2E00D8707E /* KGout.xcdatamodel */ = {isa = PBXFileReference; lastKnownFileType = wrapper.xcdatamodel; path = KGout.xcdatamodel; sourceTree = "<group>"; };
		09AFF5B12223AF3100D8707E /* Assets.xcassets */ = {isa = PBXFileReference; lastKnownFileType = folder.assetcatalog; path = Assets.xcassets; sourceTree = "<group>"; };
		09AFF5B42223AF3100D8707E /* Base */ = {isa = PBXFileReference; lastKnownFileType = file.storyboard; name = Base; path = Base.lproj/LaunchScreen.storyboard; sourceTree = "<group>"; };
		09AFF5B62223AF3100D8707E /* Info.plist */ = {isa = PBXFileReference; lastKnownFileType = text.plist.xml; path = Info.plist; sourceTree = "<group>"; };
		09B35C3322965EF4003FA1A6 /* BaseChartViewController.swift */ = {isa = PBXFileReference; fileEncoding = 4; lastKnownFileType = sourcecode.swift; name = BaseChartViewController.swift; path = KGout/Uricacid/BaseChartViewController.swift; sourceTree = SOURCE_ROOT; };
		09B35C3422965EF4003FA1A6 /* GoutValueListViewController.swift */ = {isa = PBXFileReference; fileEncoding = 4; lastKnownFileType = sourcecode.swift; name = GoutValueListViewController.swift; path = KGout/Uricacid/GoutValueListViewController.swift; sourceTree = SOURCE_ROOT; };
		09B35C3522965EF4003FA1A6 /* GoutChartViewController.swift */ = {isa = PBXFileReference; fileEncoding = 4; lastKnownFileType = sourcecode.swift; name = GoutChartViewController.swift; path = KGout/Uricacid/GoutChartViewController.swift; sourceTree = SOURCE_ROOT; };
		09B35C3622965EF4003FA1A6 /* UricacidCollectionViewCell.swift */ = {isa = PBXFileReference; fileEncoding = 4; lastKnownFileType = sourcecode.swift; name = UricacidCollectionViewCell.swift; path = KGout/Uricacid/UricacidCollectionViewCell.swift; sourceTree = SOURCE_ROOT; };
		09B35C3722965EF4003FA1A6 /* AddValueViewController.swift */ = {isa = PBXFileReference; fileEncoding = 4; lastKnownFileType = sourcecode.swift; name = AddValueViewController.swift; path = KGout/Uricacid/AddValueViewController.swift; sourceTree = SOURCE_ROOT; };
		09B35C3822965EF4003FA1A6 /* GoutDataViewCell.swift */ = {isa = PBXFileReference; fileEncoding = 4; lastKnownFileType = sourcecode.swift; name = GoutDataViewCell.swift; path = KGout/Uricacid/GoutDataViewCell.swift; sourceTree = SOURCE_ROOT; };
		09B35C3F22965F35003FA1A6 /* ko */ = {isa = PBXFileReference; lastKnownFileType = text.plist.strings; name = ko; path = ko.lproj/Main.strings; sourceTree = "<group>"; };
		09B35C4022965F35003FA1A6 /* ko */ = {isa = PBXFileReference; lastKnownFileType = text.plist.strings; name = ko; path = ko.lproj/LaunchScreen.strings; sourceTree = "<group>"; };
		09B35C68229662A6003FA1A6 /* UserInfoViewController.swift */ = {isa = PBXFileReference; fileEncoding = 4; lastKnownFileType = sourcecode.swift; path = UserInfoViewController.swift; sourceTree = "<group>"; };
		09DACA3E2296720700AA8919 /* Structs.swift */ = {isa = PBXFileReference; fileEncoding = 4; lastKnownFileType = sourcecode.swift; path = Structs.swift; sourceTree = "<group>"; };
		09DACA3F2296720700AA8919 /* Constants.swift */ = {isa = PBXFileReference; fileEncoding = 4; lastKnownFileType = sourcecode.swift; path = Constants.swift; sourceTree = "<group>"; };
		09DACA402296720700AA8919 /* Enemeration.swift */ = {isa = PBXFileReference; fileEncoding = 4; lastKnownFileType = sourcecode.swift; path = Enemeration.swift; sourceTree = "<group>"; };
		09DACA412296720700AA8919 /* BaseNaviBar.swift */ = {isa = PBXFileReference; fileEncoding = 4; lastKnownFileType = sourcecode.swift; path = BaseNaviBar.swift; sourceTree = "<group>"; };
		09DACA422296720700AA8919 /* DefaultButton.swift */ = {isa = PBXFileReference; fileEncoding = 4; lastKnownFileType = sourcecode.swift; path = DefaultButton.swift; sourceTree = "<group>"; };
		09DACA432296720700AA8919 /* BaseLabel.swift */ = {isa = PBXFileReference; fileEncoding = 4; lastKnownFileType = sourcecode.swift; path = BaseLabel.swift; sourceTree = "<group>"; };
		09DACA442296720700AA8919 /* CameraViewController.swift */ = {isa = PBXFileReference; fileEncoding = 4; lastKnownFileType = sourcecode.swift; path = CameraViewController.swift; sourceTree = "<group>"; };
		09DACA452296720800AA8919 /* Utils.swift */ = {isa = PBXFileReference; fileEncoding = 4; lastKnownFileType = sourcecode.swift; path = Utils.swift; sourceTree = "<group>"; };
		09DACA65229675CB00AA8919 /* AddDrugAlarmViewController.swift */ = {isa = PBXFileReference; fileEncoding = 4; lastKnownFileType = sourcecode.swift; path = AddDrugAlarmViewController.swift; sourceTree = "<group>"; };
		09DACA66229675CB00AA8919 /* DrugInfoViewCell.swift */ = {isa = PBXFileReference; fileEncoding = 4; lastKnownFileType = sourcecode.swift; path = DrugInfoViewCell.swift; sourceTree = "<group>"; };
		09DACA67229675CB00AA8919 /* DrugListViewController.swift */ = {isa = PBXFileReference; fileEncoding = 4; lastKnownFileType = sourcecode.swift; path = DrugListViewController.swift; sourceTree = "<group>"; };
		09DACA68229675CB00AA8919 /* AddDrugInfoViewController.swift */ = {isa = PBXFileReference; fileEncoding = 4; lastKnownFileType = sourcecode.swift; path = AddDrugInfoViewController.swift; sourceTree = "<group>"; };
		09DACA69229675CB00AA8919 /* DrugAlarmViewCell.swift */ = {isa = PBXFileReference; fileEncoding = 4; lastKnownFileType = sourcecode.swift; path = DrugAlarmViewCell.swift; sourceTree = "<group>"; };
		09DACA732296765700AA8919 /* DatabaseManager.swift */ = {isa = PBXFileReference; fileEncoding = 4; lastKnownFileType = sourcecode.swift; path = DatabaseManager.swift; sourceTree = "<group>"; };
		09DACA8822967EB300AA8919 /* BaseButton.swift */ = {isa = PBXFileReference; fileEncoding = 4; lastKnownFileType = sourcecode.swift; path = BaseButton.swift; sourceTree = "<group>"; };
		09DACA8B22967ECA00AA8919 /* DefaultCollectionViewCell.swift */ = {isa = PBXFileReference; fileEncoding = 4; lastKnownFileType = sourcecode.swift; path = DefaultCollectionViewCell.swift; sourceTree = "<group>"; };
		09DACA8D22967ED200AA8919 /* DefaultSwitchView.swift */ = {isa = PBXFileReference; fileEncoding = 4; lastKnownFileType = sourcecode.swift; path = DefaultSwitchView.swift; sourceTree = "<group>"; };
		09DACA8F22967EDA00AA8919 /* Extensions.swift */ = {isa = PBXFileReference; fileEncoding = 4; lastKnownFileType = sourcecode.swift; path = Extensions.swift; sourceTree = "<group>"; };
		09DACA9122967EE600AA8919 /* GoutDefaultViewController.swift */ = {isa = PBXFileReference; fileEncoding = 4; lastKnownFileType = sourcecode.swift; path = GoutDefaultViewController.swift; sourceTree = "<group>"; };
		09DACA9222967EE600AA8919 /* LocalPushManager.swift */ = {isa = PBXFileReference; fileEncoding = 4; lastKnownFileType = sourcecode.swift; path = LocalPushManager.swift; sourceTree = "<group>"; };
		09DACA9322967EE600AA8919 /* Logger.swift */ = {isa = PBXFileReference; fileEncoding = 4; lastKnownFileType = sourcecode.swift; path = Logger.swift; sourceTree = "<group>"; };
		09DACA9422967EE600AA8919 /* GoutFileManager.swift */ = {isa = PBXFileReference; fileEncoding = 4; lastKnownFileType = sourcecode.swift; path = GoutFileManager.swift; sourceTree = "<group>"; };
		95CA2BC9B618EDD607672BB5 /* Pods_KGout.framework */ = {isa = PBXFileReference; explicitFileType = wrapper.framework; includeInIndex = 0; path = Pods_KGout.framework; sourceTree = BUILT_PRODUCTS_DIR; };
		A20F69CDE945C0071D67131F /* Pods-KGout.release.xcconfig */ = {isa = PBXFileReference; includeInIndex = 1; lastKnownFileType = text.xcconfig; name = "Pods-KGout.release.xcconfig"; path = "Pods/Target Support Files/Pods-KGout/Pods-KGout.release.xcconfig"; sourceTree = "<group>"; };
		A87AD868570160180B5F80BB /* Pods-KGout.debug.xcconfig */ = {isa = PBXFileReference; includeInIndex = 1; lastKnownFileType = text.xcconfig; name = "Pods-KGout.debug.xcconfig"; path = "Pods/Target Support Files/Pods-KGout/Pods-KGout.debug.xcconfig"; sourceTree = "<group>"; };
/* End PBXFileReference section */

/* Begin PBXFrameworksBuildPhase section */
		09AFF5A12223AF2E00D8707E /* Frameworks */ = {
			isa = PBXFrameworksBuildPhase;
			buildActionMask = 2147483647;
			files = (
				401FAEEC7F66BEE03E407F0C /* Pods_KGout.framework in Frameworks */,
				09A2F98C2223B3B90001147A /* Charts.framework in Frameworks */,
			);
			runOnlyForDeploymentPostprocessing = 0;
		};
/* End PBXFrameworksBuildPhase section */

/* Begin PBXGroup section */
		09A2F9842223B3A80001147A /* Products */ = {
			isa = PBXGroup;
			children = (
				09A2F9892223B3A80001147A /* Charts.framework */,
				09A2F98B2223B3A80001147A /* ChartsTests.xctest */,
			);
			name = Products;
			sourceTree = "<group>";
		};
		09AFF59B2223AF2D00D8707E = {
			isa = PBXGroup;
			children = (
				09A2F9832223B3A70001147A /* Charts.xcodeproj */,
				09AFF5A62223AF2E00D8707E /* KGout */,
				09AFF5A52223AF2E00D8707E /* Products */,
				8082A56F137F2142328C819B /* Pods */,
				58AB6AC516505E6AC8157E56 /* Frameworks */,
			);
			sourceTree = "<group>";
		};
		09AFF5A52223AF2E00D8707E /* Products */ = {
			isa = PBXGroup;
			children = (
				09AFF5A42223AF2E00D8707E /* KGout.app */,
			);
			name = Products;
			sourceTree = "<group>";
		};
		09AFF5A62223AF2E00D8707E /* KGout */ = {
			isa = PBXGroup;
			children = (
				09DACA9922967F3F00AA8919 /* ViewModel */,
				09DACA722296764200AA8919 /* Database */,
				09DACA64229675CB00AA8919 /* Drug */,
				09DACA3D229671F200AA8919 /* Common */,
				09B35C4122965FAD003FA1A6 /* UserInfo */,
				09B35C3122965EB3003FA1A6 /* Uricacid */,
				09AFF5A72223AF2E00D8707E /* AppDelegate.swift */,
				09A2F9902223B3F70001147A /* GoogleService-Info.plist */,
				09A2F9922223B8E60001147A /* GoutTabbarViewController.swift */,
				09AFF5A92223AF2E00D8707E /* ViewController.swift */,
				09AFF5AB2223AF2E00D8707E /* Main.storyboard */,
				09AFF5B12223AF3100D8707E /* Assets.xcassets */,
				09AFF5B32223AF3100D8707E /* LaunchScreen.storyboard */,
				09AFF5B62223AF3100D8707E /* Info.plist */,
				09AFF5AE2223AF2E00D8707E /* KGout.xcdatamodeld */,
			);
			path = KGout;
			sourceTree = "<group>";
		};
		09B35C3122965EB3003FA1A6 /* Uricacid */ = {
			isa = PBXGroup;
			children = (
				09B35C3722965EF4003FA1A6 /* AddValueViewController.swift */,
				09B35C3322965EF4003FA1A6 /* BaseChartViewController.swift */,
				09B35C3522965EF4003FA1A6 /* GoutChartViewController.swift */,
				09B35C3822965EF4003FA1A6 /* GoutDataViewCell.swift */,
				09B35C3422965EF4003FA1A6 /* GoutValueListViewController.swift */,
				09B35C3622965EF4003FA1A6 /* UricacidCollectionViewCell.swift */,
			);
			name = Uricacid;
			path = chart/Uricacid;
			sourceTree = "<group>";
		};
		09B35C4122965FAD003FA1A6 /* UserInfo */ = {
			isa = PBXGroup;
			children = (
				09B35C68229662A6003FA1A6 /* UserInfoViewController.swift */,
			);
			path = UserInfo;
			sourceTree = "<group>";
		};
		09DACA3D229671F200AA8919 /* Common */ = {
			isa = PBXGroup;
			children = (
				09DACA8822967EB300AA8919 /* BaseButton.swift */,
				09DACA432296720700AA8919 /* BaseLabel.swift */,
				09DACA412296720700AA8919 /* BaseNaviBar.swift */,
				09DACA442296720700AA8919 /* CameraViewController.swift */,
				09DACA3F2296720700AA8919 /* Constants.swift */,
				09DACA422296720700AA8919 /* DefaultButton.swift */,
				09DACA8B22967ECA00AA8919 /* DefaultCollectionViewCell.swift */,
				09DACA8D22967ED200AA8919 /* DefaultSwitchView.swift */,
				09DACA402296720700AA8919 /* Enemeration.swift */,
				09DACA8F22967EDA00AA8919 /* Extensions.swift */,
				09DACA9122967EE600AA8919 /* GoutDefaultViewController.swift */,
				09DACA9422967EE600AA8919 /* GoutFileManager.swift */,
				09DACA9222967EE600AA8919 /* LocalPushManager.swift */,
				09DACA9322967EE600AA8919 /* Logger.swift */,
				09DACA3E2296720700AA8919 /* Structs.swift */,
				09DACA452296720800AA8919 /* Utils.swift */,
			);
			path = Common;
			sourceTree = "<group>";
		};
		09DACA64229675CB00AA8919 /* Drug */ = {
			isa = PBXGroup;
			children = (
				09DACA65229675CB00AA8919 /* AddDrugAlarmViewController.swift */,
				09DACA66229675CB00AA8919 /* DrugInfoViewCell.swift */,
				09DACA67229675CB00AA8919 /* DrugListViewController.swift */,
				09DACA68229675CB00AA8919 /* AddDrugInfoViewController.swift */,
				09DACA69229675CB00AA8919 /* DrugAlarmViewCell.swift */,
			);
			path = Drug;
			sourceTree = "<group>";
		};
		09DACA722296764200AA8919 /* Database */ = {
			isa = PBXGroup;
			children = (
				09DACA732296765700AA8919 /* DatabaseManager.swift */,
			);
			path = Database;
			sourceTree = "<group>";
		};
		09DACA9922967F3F00AA8919 /* ViewModel */ = {
			isa = PBXGroup;
			children = (
			);
			path = ViewModel;
			sourceTree = "<group>";
		};
		58AB6AC516505E6AC8157E56 /* Frameworks */ = {
			isa = PBXGroup;
			children = (
				95CA2BC9B618EDD607672BB5 /* Pods_KGout.framework */,
			);
			name = Frameworks;
			sourceTree = "<group>";
		};
		8082A56F137F2142328C819B /* Pods */ = {
			isa = PBXGroup;
			children = (
				A87AD868570160180B5F80BB /* Pods-KGout.debug.xcconfig */,
				A20F69CDE945C0071D67131F /* Pods-KGout.release.xcconfig */,
			);
			name = Pods;
			sourceTree = "<group>";
		};
/* End PBXGroup section */

/* Begin PBXNativeTarget section */
		09AFF5A32223AF2E00D8707E /* KGout */ = {
			isa = PBXNativeTarget;
			buildConfigurationList = 09AFF5B92223AF3100D8707E /* Build configuration list for PBXNativeTarget "KGout" */;
			buildPhases = (
				44119CFE1AF65FDA604D8CF5 /* [CP] Check Pods Manifest.lock */,
				09AFF5A02223AF2E00D8707E /* Sources */,
				09AFF5A12223AF2E00D8707E /* Frameworks */,
				09AFF5A22223AF2E00D8707E /* Resources */,
				BB44252DEBAFB72BD3BF6097 /* [CP] Embed Pods Frameworks */,
				09A2F9432223B22F0001147A /* Embed Frameworks */,
			);
			buildRules = (
			);
			dependencies = (
				09A2F98F2223B3B90001147A /* PBXTargetDependency */,
			);
			name = KGout;
			productName = KGout;
			productReference = 09AFF5A42223AF2E00D8707E /* KGout.app */;
			productType = "com.apple.product-type.application";
		};
/* End PBXNativeTarget section */

/* Begin PBXProject section */
		09AFF59C2223AF2D00D8707E /* Project object */ = {
			isa = PBXProject;
			attributes = {
				LastSwiftUpdateCheck = 1010;
				LastUpgradeCheck = 1010;
				ORGANIZATIONNAME = khstar;
				TargetAttributes = {
					09AFF5A32223AF2E00D8707E = {
						CreatedOnToolsVersion = 10.1;
					};
				};
			};
			buildConfigurationList = 09AFF59F2223AF2D00D8707E /* Build configuration list for PBXProject "KGout" */;
			compatibilityVersion = "Xcode 9.3";
			developmentRegion = en;
			hasScannedForEncodings = 0;
			knownRegions = (
				en,
				Base,
				ko,
			);
			mainGroup = 09AFF59B2223AF2D00D8707E;
			productRefGroup = 09AFF5A52223AF2E00D8707E /* Products */;
			projectDirPath = "";
			projectReferences = (
				{
					ProductGroup = 09A2F9842223B3A80001147A /* Products */;
					ProjectRef = 09A2F9832223B3A70001147A /* Charts.xcodeproj */;
				},
			);
			projectRoot = "";
			targets = (
				09AFF5A32223AF2E00D8707E /* KGout */,
			);
		};
/* End PBXProject section */

/* Begin PBXReferenceProxy section */
		09A2F9892223B3A80001147A /* Charts.framework */ = {
			isa = PBXReferenceProxy;
			fileType = wrapper.framework;
			path = Charts.framework;
			remoteRef = 09A2F9882223B3A80001147A /* PBXContainerItemProxy */;
			sourceTree = BUILT_PRODUCTS_DIR;
		};
		09A2F98B2223B3A80001147A /* ChartsTests.xctest */ = {
			isa = PBXReferenceProxy;
			fileType = wrapper.cfbundle;
			path = ChartsTests.xctest;
			remoteRef = 09A2F98A2223B3A80001147A /* PBXContainerItemProxy */;
			sourceTree = BUILT_PRODUCTS_DIR;
		};
/* End PBXReferenceProxy section */

/* Begin PBXResourcesBuildPhase section */
		09AFF5A22223AF2E00D8707E /* Resources */ = {
			isa = PBXResourcesBuildPhase;
			buildActionMask = 2147483647;
			files = (
				09AFF5B52223AF3100D8707E /* LaunchScreen.storyboard in Resources */,
				09A2F9912223B3F70001147A /* GoogleService-Info.plist in Resources */,
				09AFF5B22223AF3100D8707E /* Assets.xcassets in Resources */,
				09AFF5AD2223AF2E00D8707E /* Main.storyboard in Resources */,
			);
			runOnlyForDeploymentPostprocessing = 0;
		};
/* End PBXResourcesBuildPhase section */

/* Begin PBXShellScriptBuildPhase section */
		44119CFE1AF65FDA604D8CF5 /* [CP] Check Pods Manifest.lock */ = {
			isa = PBXShellScriptBuildPhase;
			buildActionMask = 2147483647;
			files = (
			);
			inputPaths = (
				"${PODS_PODFILE_DIR_PATH}/Podfile.lock",
				"${PODS_ROOT}/Manifest.lock",
			);
			name = "[CP] Check Pods Manifest.lock";
			outputPaths = (
				"$(DERIVED_FILE_DIR)/Pods-KGout-checkManifestLockResult.txt",
			);
			runOnlyForDeploymentPostprocessing = 0;
			shellPath = /bin/sh;
			shellScript = "diff \"${PODS_PODFILE_DIR_PATH}/Podfile.lock\" \"${PODS_ROOT}/Manifest.lock\" > /dev/null\nif [ $? != 0 ] ; then\n    # print error to STDERR\n    echo \"error: The sandbox is not in sync with the Podfile.lock. Run 'pod install' or update your CocoaPods installation.\" >&2\n    exit 1\nfi\n# This output is used by Xcode 'outputs' to avoid re-running this script phase.\necho \"SUCCESS\" > \"${SCRIPT_OUTPUT_FILE_0}\"\n";
			showEnvVarsInLog = 0;
		};
		BB44252DEBAFB72BD3BF6097 /* [CP] Embed Pods Frameworks */ = {
			isa = PBXShellScriptBuildPhase;
			buildActionMask = 2147483647;
			files = (
			);
			inputPaths = (
				"${SRCROOT}/Pods/Target Support Files/Pods-KGout/Pods-KGout-frameworks.sh",
				"${BUILT_PRODUCTS_DIR}/Alamofire/Alamofire.framework",
				"${BUILT_PRODUCTS_DIR}/GoogleToolboxForMac/GoogleToolboxForMac.framework",
				"${BUILT_PRODUCTS_DIR}/GoogleUtilities/GoogleUtilities.framework",
				"${BUILT_PRODUCTS_DIR}/Moya/Moya.framework",
				"${BUILT_PRODUCTS_DIR}/Moya-SwiftyJSONMapper/Moya_SwiftyJSONMapper.framework",
				"${BUILT_PRODUCTS_DIR}/Protobuf/Protobuf.framework",
				"${BUILT_PRODUCTS_DIR}/PureLayout/PureLayout.framework",
				"${BUILT_PRODUCTS_DIR}/Result/Result.framework",
				"${BUILT_PRODUCTS_DIR}/RxCocoa/RxCocoa.framework",
				"${BUILT_PRODUCTS_DIR}/RxGesture/RxGesture.framework",
				"${BUILT_PRODUCTS_DIR}/RxSwift/RxSwift.framework",
				"${BUILT_PRODUCTS_DIR}/SDWebImage/SDWebImage.framework",
				"${BUILT_PRODUCTS_DIR}/SwiftyGif/SwiftyGif.framework",
				"${BUILT_PRODUCTS_DIR}/SwiftyJSON/SwiftyJSON.framework",
				"${BUILT_PRODUCTS_DIR}/leveldb-library/leveldb.framework",
				"${BUILT_PRODUCTS_DIR}/nanopb/nanopb.framework",
			);
			name = "[CP] Embed Pods Frameworks";
			outputPaths = (
				"${TARGET_BUILD_DIR}/${FRAMEWORKS_FOLDER_PATH}/Alamofire.framework",
				"${TARGET_BUILD_DIR}/${FRAMEWORKS_FOLDER_PATH}/GoogleToolboxForMac.framework",
				"${TARGET_BUILD_DIR}/${FRAMEWORKS_FOLDER_PATH}/GoogleUtilities.framework",
				"${TARGET_BUILD_DIR}/${FRAMEWORKS_FOLDER_PATH}/Moya.framework",
				"${TARGET_BUILD_DIR}/${FRAMEWORKS_FOLDER_PATH}/Moya_SwiftyJSONMapper.framework",
				"${TARGET_BUILD_DIR}/${FRAMEWORKS_FOLDER_PATH}/Protobuf.framework",
				"${TARGET_BUILD_DIR}/${FRAMEWORKS_FOLDER_PATH}/PureLayout.framework",
				"${TARGET_BUILD_DIR}/${FRAMEWORKS_FOLDER_PATH}/Result.framework",
				"${TARGET_BUILD_DIR}/${FRAMEWORKS_FOLDER_PATH}/RxCocoa.framework",
				"${TARGET_BUILD_DIR}/${FRAMEWORKS_FOLDER_PATH}/RxGesture.framework",
				"${TARGET_BUILD_DIR}/${FRAMEWORKS_FOLDER_PATH}/RxSwift.framework",
				"${TARGET_BUILD_DIR}/${FRAMEWORKS_FOLDER_PATH}/SDWebImage.framework",
				"${TARGET_BUILD_DIR}/${FRAMEWORKS_FOLDER_PATH}/SwiftyGif.framework",
				"${TARGET_BUILD_DIR}/${FRAMEWORKS_FOLDER_PATH}/SwiftyJSON.framework",
				"${TARGET_BUILD_DIR}/${FRAMEWORKS_FOLDER_PATH}/leveldb.framework",
				"${TARGET_BUILD_DIR}/${FRAMEWORKS_FOLDER_PATH}/nanopb.framework",
			);
			runOnlyForDeploymentPostprocessing = 0;
			shellPath = /bin/sh;
			shellScript = "\"${SRCROOT}/Pods/Target Support Files/Pods-KGout/Pods-KGout-frameworks.sh\"\n";
			showEnvVarsInLog = 0;
		};
/* End PBXShellScriptBuildPhase section */

/* Begin PBXSourcesBuildPhase section */
		09AFF5A02223AF2E00D8707E /* Sources */ = {
			isa = PBXSourcesBuildPhase;
			buildActionMask = 2147483647;
			files = (
				09DACA8A22967EB300AA8919 /* BaseButton.swift in Sources */,
				09DACA6D229675CB00AA8919 /* AddDrugInfoViewController.swift in Sources */,
				09DACA532296720800AA8919 /* BaseLabel.swift in Sources */,
				09DACA4E2296720800AA8919 /* Structs.swift in Sources */,
				09DACA4F2296720800AA8919 /* Constants.swift in Sources */,
				09B35C3B22965EF4003FA1A6 /* GoutChartViewController.swift in Sources */,
				09AFF5AA2223AF2E00D8707E /* ViewController.swift in Sources */,
				09DACA9722967EE600AA8919 /* Logger.swift in Sources */,
				09DACA9022967EDA00AA8919 /* Extensions.swift in Sources */,
				09DACA552296720800AA8919 /* Utils.swift in Sources */,
				09DACA542296720800AA8919 /* CameraViewController.swift in Sources */,
				09AFF5A82223AF2E00D8707E /* AppDelegate.swift in Sources */,
				09B35C3922965EF4003FA1A6 /* BaseChartViewController.swift in Sources */,
				09A2F9932223B8E70001147A /* GoutTabbarViewController.swift in Sources */,
				09DACA9622967EE600AA8919 /* LocalPushManager.swift in Sources */,
				09DACA8E22967ED200AA8919 /* DefaultSwitchView.swift in Sources */,
				09B35C3C22965EF4003FA1A6 /* UricacidCollectionViewCell.swift in Sources */,
				09DACA502296720800AA8919 /* Enemeration.swift in Sources */,
				09B35C69229662A6003FA1A6 /* UserInfoViewController.swift in Sources */,
				09DACA6B229675CB00AA8919 /* DrugInfoViewCell.swift in Sources */,
				09B35C3A22965EF4003FA1A6 /* GoutValueListViewController.swift in Sources */,
				09DACA6C229675CB00AA8919 /* DrugListViewController.swift in Sources */,
				09DACA742296765700AA8919 /* DatabaseManager.swift in Sources */,
				09B35C3E22965EF4003FA1A6 /* GoutDataViewCell.swift in Sources */,
				09DACA512296720800AA8919 /* BaseNaviBar.swift in Sources */,
				09DACA9822967EE600AA8919 /* GoutFileManager.swift in Sources */,
				09DACA6E229675CB00AA8919 /* DrugAlarmViewCell.swift in Sources */,
				09B35C3D22965EF4003FA1A6 /* AddValueViewController.swift in Sources */,
				09DACA522296720800AA8919 /* DefaultButton.swift in Sources */,
				09AFF5B02223AF2E00D8707E /* KGout.xcdatamodeld in Sources */,
				09DACA6A229675CB00AA8919 /* AddDrugAlarmViewController.swift in Sources */,
				09DACA8C22967ECA00AA8919 /* DefaultCollectionViewCell.swift in Sources */,
				09DACA9522967EE600AA8919 /* GoutDefaultViewController.swift in Sources */,
			);
			runOnlyForDeploymentPostprocessing = 0;
		};
/* End PBXSourcesBuildPhase section */

/* Begin PBXTargetDependency section */
		09A2F98F2223B3B90001147A /* PBXTargetDependency */ = {
			isa = PBXTargetDependency;
			name = Charts;
			targetProxy = 09A2F98E2223B3B90001147A /* PBXContainerItemProxy */;
		};
/* End PBXTargetDependency section */

/* Begin PBXVariantGroup section */
		09AFF5AB2223AF2E00D8707E /* Main.storyboard */ = {
			isa = PBXVariantGroup;
			children = (
				09AFF5AC2223AF2E00D8707E /* Base */,
				09B35C3F22965F35003FA1A6 /* ko */,
			);
			name = Main.storyboard;
			sourceTree = "<group>";
		};
		09AFF5B32223AF3100D8707E /* LaunchScreen.storyboard */ = {
			isa = PBXVariantGroup;
			children = (
				09AFF5B42223AF3100D8707E /* Base */,
				09B35C4022965F35003FA1A6 /* ko */,
			);
			name = LaunchScreen.storyboard;
			sourceTree = "<group>";
		};
/* End PBXVariantGroup section */

/* Begin XCBuildConfiguration section */
		09AFF5B72223AF3100D8707E /* Debug */ = {
			isa = XCBuildConfiguration;
			buildSettings = {
				ALWAYS_SEARCH_USER_PATHS = NO;
				CLANG_ANALYZER_LOCALIZABILITY_NONLOCALIZED = YES;
				CLANG_ANALYZER_NONNULL = YES;
				CLANG_ANALYZER_NUMBER_OBJECT_CONVERSION = YES_AGGRESSIVE;
				CLANG_CXX_LANGUAGE_STANDARD = "gnu++14";
				CLANG_CXX_LIBRARY = "libc++";
				CLANG_ENABLE_MODULES = YES;
				CLANG_ENABLE_OBJC_ARC = YES;
				CLANG_ENABLE_OBJC_WEAK = YES;
				CLANG_WARN_BLOCK_CAPTURE_AUTORELEASING = YES;
				CLANG_WARN_BOOL_CONVERSION = YES;
				CLANG_WARN_COMMA = YES;
				CLANG_WARN_CONSTANT_CONVERSION = YES;
				CLANG_WARN_DEPRECATED_OBJC_IMPLEMENTATIONS = YES;
				CLANG_WARN_DIRECT_OBJC_ISA_USAGE = YES_ERROR;
				CLANG_WARN_DOCUMENTATION_COMMENTS = YES;
				CLANG_WARN_EMPTY_BODY = YES;
				CLANG_WARN_ENUM_CONVERSION = YES;
				CLANG_WARN_INFINITE_RECURSION = YES;
				CLANG_WARN_INT_CONVERSION = YES;
				CLANG_WARN_NON_LITERAL_NULL_CONVERSION = YES;
				CLANG_WARN_OBJC_IMPLICIT_RETAIN_SELF = YES;
				CLANG_WARN_OBJC_LITERAL_CONVERSION = YES;
				CLANG_WARN_OBJC_ROOT_CLASS = YES_ERROR;
				CLANG_WARN_RANGE_LOOP_ANALYSIS = YES;
				CLANG_WARN_STRICT_PROTOTYPES = YES;
				CLANG_WARN_SUSPICIOUS_MOVE = YES;
				CLANG_WARN_UNGUARDED_AVAILABILITY = YES_AGGRESSIVE;
				CLANG_WARN_UNREACHABLE_CODE = YES;
				CLANG_WARN__DUPLICATE_METHOD_MATCH = YES;
				CODE_SIGN_IDENTITY = "iPhone Developer";
				COPY_PHASE_STRIP = NO;
				DEBUG_INFORMATION_FORMAT = dwarf;
				ENABLE_STRICT_OBJC_MSGSEND = YES;
				ENABLE_TESTABILITY = YES;
				GCC_C_LANGUAGE_STANDARD = gnu11;
				GCC_DYNAMIC_NO_PIC = NO;
				GCC_NO_COMMON_BLOCKS = YES;
				GCC_OPTIMIZATION_LEVEL = 0;
				GCC_PREPROCESSOR_DEFINITIONS = (
					"DEBUG=1",
					"$(inherited)",
				);
				GCC_WARN_64_TO_32_BIT_CONVERSION = YES;
				GCC_WARN_ABOUT_RETURN_TYPE = YES_ERROR;
				GCC_WARN_UNDECLARED_SELECTOR = YES;
				GCC_WARN_UNINITIALIZED_AUTOS = YES_AGGRESSIVE;
				GCC_WARN_UNUSED_FUNCTION = YES;
				GCC_WARN_UNUSED_VARIABLE = YES;
				IPHONEOS_DEPLOYMENT_TARGET = 10.0;
				MTL_ENABLE_DEBUG_INFO = INCLUDE_SOURCE;
				MTL_FAST_MATH = YES;
				ONLY_ACTIVE_ARCH = YES;
				SDKROOT = iphoneos;
				SWIFT_ACTIVE_COMPILATION_CONDITIONS = DEBUG;
				SWIFT_OPTIMIZATION_LEVEL = "-Onone";
			};
			name = Debug;
		};
		09AFF5B82223AF3100D8707E /* Release */ = {
			isa = XCBuildConfiguration;
			buildSettings = {
				ALWAYS_SEARCH_USER_PATHS = NO;
				CLANG_ANALYZER_LOCALIZABILITY_NONLOCALIZED = YES;
				CLANG_ANALYZER_NONNULL = YES;
				CLANG_ANALYZER_NUMBER_OBJECT_CONVERSION = YES_AGGRESSIVE;
				CLANG_CXX_LANGUAGE_STANDARD = "gnu++14";
				CLANG_CXX_LIBRARY = "libc++";
				CLANG_ENABLE_MODULES = YES;
				CLANG_ENABLE_OBJC_ARC = YES;
				CLANG_ENABLE_OBJC_WEAK = YES;
				CLANG_WARN_BLOCK_CAPTURE_AUTORELEASING = YES;
				CLANG_WARN_BOOL_CONVERSION = YES;
				CLANG_WARN_COMMA = YES;
				CLANG_WARN_CONSTANT_CONVERSION = YES;
				CLANG_WARN_DEPRECATED_OBJC_IMPLEMENTATIONS = YES;
				CLANG_WARN_DIRECT_OBJC_ISA_USAGE = YES_ERROR;
				CLANG_WARN_DOCUMENTATION_COMMENTS = YES;
				CLANG_WARN_EMPTY_BODY = YES;
				CLANG_WARN_ENUM_CONVERSION = YES;
				CLANG_WARN_INFINITE_RECURSION = YES;
				CLANG_WARN_INT_CONVERSION = YES;
				CLANG_WARN_NON_LITERAL_NULL_CONVERSION = YES;
				CLANG_WARN_OBJC_IMPLICIT_RETAIN_SELF = YES;
				CLANG_WARN_OBJC_LITERAL_CONVERSION = YES;
				CLANG_WARN_OBJC_ROOT_CLASS = YES_ERROR;
				CLANG_WARN_RANGE_LOOP_ANALYSIS = YES;
				CLANG_WARN_STRICT_PROTOTYPES = YES;
				CLANG_WARN_SUSPICIOUS_MOVE = YES;
				CLANG_WARN_UNGUARDED_AVAILABILITY = YES_AGGRESSIVE;
				CLANG_WARN_UNREACHABLE_CODE = YES;
				CLANG_WARN__DUPLICATE_METHOD_MATCH = YES;
				CODE_SIGN_IDENTITY = "iPhone Developer";
				COPY_PHASE_STRIP = NO;
				DEBUG_INFORMATION_FORMAT = "dwarf-with-dsym";
				ENABLE_NS_ASSERTIONS = NO;
				ENABLE_STRICT_OBJC_MSGSEND = YES;
				GCC_C_LANGUAGE_STANDARD = gnu11;
				GCC_NO_COMMON_BLOCKS = YES;
				GCC_WARN_64_TO_32_BIT_CONVERSION = YES;
				GCC_WARN_ABOUT_RETURN_TYPE = YES_ERROR;
				GCC_WARN_UNDECLARED_SELECTOR = YES;
				GCC_WARN_UNINITIALIZED_AUTOS = YES_AGGRESSIVE;
				GCC_WARN_UNUSED_FUNCTION = YES;
				GCC_WARN_UNUSED_VARIABLE = YES;
				IPHONEOS_DEPLOYMENT_TARGET = 10.0;
				MTL_ENABLE_DEBUG_INFO = NO;
				MTL_FAST_MATH = YES;
				SDKROOT = iphoneos;
				SWIFT_COMPILATION_MODE = wholemodule;
				SWIFT_OPTIMIZATION_LEVEL = "-O";
				VALIDATE_PRODUCT = YES;
			};
			name = Release;
		};
		09AFF5BA2223AF3100D8707E /* Debug */ = {
			isa = XCBuildConfiguration;
			baseConfigurationReference = A87AD868570160180B5F80BB /* Pods-KGout.debug.xcconfig */;
			buildSettings = {
				ALWAYS_EMBED_SWIFT_STANDARD_LIBRARIES = "$(inherited)";
				ASSETCATALOG_COMPILER_APPICON_NAME = AppIcon;
				CODE_SIGN_STYLE = Automatic;
				DEVELOPMENT_TEAM = 3ZJQVNKYT2;
				INFOPLIST_FILE = KGout/Info.plist;
				LD_RUNPATH_SEARCH_PATHS = (
					"$(inherited)",
					"@executable_path/Frameworks",
				);
				PRODUCT_BUNDLE_IDENTIFIER = kr.co.khstar.KGout;
				PRODUCT_NAME = "$(TARGET_NAME)";
				SWIFT_VERSION = 4.2;
				TARGETED_DEVICE_FAMILY = 1;
			};
			name = Debug;
		};
		09AFF5BB2223AF3100D8707E /* Release */ = {
			isa = XCBuildConfiguration;
			baseConfigurationReference = A20F69CDE945C0071D67131F /* Pods-KGout.release.xcconfig */;
			buildSettings = {
				ALWAYS_EMBED_SWIFT_STANDARD_LIBRARIES = "$(inherited)";
				ASSETCATALOG_COMPILER_APPICON_NAME = AppIcon;
				CODE_SIGN_STYLE = Automatic;
				DEVELOPMENT_TEAM = 3ZJQVNKYT2;
				INFOPLIST_FILE = KGout/Info.plist;
				LD_RUNPATH_SEARCH_PATHS = (
					"$(inherited)",
					"@executable_path/Frameworks",
				);
				PRODUCT_BUNDLE_IDENTIFIER = kr.co.khstar.KGout;
				PRODUCT_NAME = "$(TARGET_NAME)";
				SWIFT_VERSION = 4.2;
				TARGETED_DEVICE_FAMILY = 1;
			};
			name = Release;
		};
/* End XCBuildConfiguration section */

/* Begin XCConfigurationList section */
		09AFF59F2223AF2D00D8707E /* Build configuration list for PBXProject "KGout" */ = {
			isa = XCConfigurationList;
			buildConfigurations = (
				09AFF5B72223AF3100D8707E /* Debug */,
				09AFF5B82223AF3100D8707E /* Release */,
			);
			defaultConfigurationIsVisible = 0;
			defaultConfigurationName = Release;
		};
		09AFF5B92223AF3100D8707E /* Build configuration list for PBXNativeTarget "KGout" */ = {
			isa = XCConfigurationList;
			buildConfigurations = (
				09AFF5BA2223AF3100D8707E /* Debug */,
				09AFF5BB2223AF3100D8707E /* Release */,
			);
			defaultConfigurationIsVisible = 0;
			defaultConfigurationName = Release;
		};
/* End XCConfigurationList section */

/* Begin XCVersionGroup section */
		09AFF5AE2223AF2E00D8707E /* KGout.xcdatamodeld */ = {
			isa = XCVersionGroup;
			children = (
				09AFF5AF2223AF2E00D8707E /* KGout.xcdatamodel */,
			);
			currentVersion = 09AFF5AF2223AF2E00D8707E /* KGout.xcdatamodel */;
			path = KGout.xcdatamodeld;
			sourceTree = "<group>";
			versionGroupType = wrapper.xcdatamodel;
		};
/* End XCVersionGroup section */
	};
	rootObject = 09AFF59C2223AF2D00D8707E /* Project object */;
}
